
Microsoft Visual Studio Solution File, Format Version 12.00
# Visual Studio Version 17
VisualStudioVersion = 17.0.31903.59
MinimumVisualStudioVersion = 10.0.40219.1
Project("{9A19103F-16F7-4668-BE54-9A1E7A4F7556}") = "DnD.Domain", "DnD.Domain\DnD.Domain.csproj", "{7A1A72B7-692A-406E-BAF9-6D1C389C845E}"
EndProject
Project("{2150E333-8FDC-42A3-9474-1A3956D46DE8}") = "src", "src", "{73E8397C-41C2-468A-BD4A-A9D8988B9AC6}"
EndProject
Project("{2150E333-8FDC-42A3-9474-1A3956D46DE8}") = "test", "test", "{4C2C72C4-FEF1-4CD6-A9A9-04E8FBBD4C6C}"
EndProject
Project("{2150E333-8FDC-42A3-9474-1A3956D46DE8}") = "UI", "UI", "{070F049A-92A2-4EBF-B08C-F882185AEEA6}"
EndProject
Project("{2150E333-8FDC-42A3-9474-1A3956D46DE8}") = "Core", "Core", "{AED16801-9F62-489B-A9DB-4BB45DFE0595}"
EndProject
Project("{2150E333-8FDC-42A3-9474-1A3956D46DE8}") = "Infrastructure", "Infrastructure", "{3112034A-50B3-4A2B-A174-02586199D9E6}"
EndProject
Project("{2150E333-8FDC-42A3-9474-1A3956D46DE8}") = "API", "API", "{9E6F41F8-13A6-4200-8B54-126E6A000B27}"
EndProject
Project("{9A19103F-16F7-4668-BE54-9A1E7A4F7556}") = "DnD.Application", "DnD.Application\DnD.Application.csproj", "{1F46A2DD-E9D0-430C-9EB0-6534D3265A85}"
EndProject
Project("{9A19103F-16F7-4668-BE54-9A1E7A4F7556}") = "DnD.Persistence", "DnD.Persistence\DnD.Persistence.csproj", "{99C808D1-0027-4ACB-B5A6-F0D8B82067BA}"
EndProject
Project("{9A19103F-16F7-4668-BE54-9A1E7A4F7556}") = "DnD.Common", "DnD.Common\DnD.Common.csproj", "{D9BDC52D-DBC5-4B13-8908-6BB57593DD1E}"
EndProject
Global
	GlobalSection(SolutionConfigurationPlatforms) = preSolution
		Debug|Any CPU = Debug|Any CPU
		Release|Any CPU = Release|Any CPU
	EndGlobalSection
	GlobalSection(ProjectConfigurationPlatforms) = postSolution
		{7A1A72B7-692A-406E-BAF9-6D1C389C845E}.Debug|Any CPU.ActiveCfg = Debug|Any CPU
		{7A1A72B7-692A-406E-BAF9-6D1C389C845E}.Debug|Any CPU.Build.0 = Debug|Any CPU
		{7A1A72B7-692A-406E-BAF9-6D1C389C845E}.Release|Any CPU.ActiveCfg = Release|Any CPU
		{7A1A72B7-692A-406E-BAF9-6D1C389C845E}.Release|Any CPU.Build.0 = Release|Any CPU
		{1F46A2DD-E9D0-430C-9EB0-6534D3265A85}.Debug|Any CPU.ActiveCfg = Debug|Any CPU
		{1F46A2DD-E9D0-430C-9EB0-6534D3265A85}.Debug|Any CPU.Build.0 = Debug|Any CPU
		{1F46A2DD-E9D0-430C-9EB0-6534D3265A85}.Release|Any CPU.ActiveCfg = Release|Any CPU
		{1F46A2DD-E9D0-430C-9EB0-6534D3265A85}.Release|Any CPU.Build.0 = Release|Any CPU
		{99C808D1-0027-4ACB-B5A6-F0D8B82067BA}.Debug|Any CPU.ActiveCfg = Debug|Any CPU
		{99C808D1-0027-4ACB-B5A6-F0D8B82067BA}.Debug|Any CPU.Build.0 = Debug|Any CPU
		{99C808D1-0027-4ACB-B5A6-F0D8B82067BA}.Release|Any CPU.ActiveCfg = Release|Any CPU
		{99C808D1-0027-4ACB-B5A6-F0D8B82067BA}.Release|Any CPU.Build.0 = Release|Any CPU
		{D9BDC52D-DBC5-4B13-8908-6BB57593DD1E}.Debug|Any CPU.ActiveCfg = Debug|Any CPU
		{D9BDC52D-DBC5-4B13-8908-6BB57593DD1E}.Debug|Any CPU.Build.0 = Debug|Any CPU
		{D9BDC52D-DBC5-4B13-8908-6BB57593DD1E}.Release|Any CPU.ActiveCfg = Release|Any CPU
		{D9BDC52D-DBC5-4B13-8908-6BB57593DD1E}.Release|Any CPU.Build.0 = Release|Any CPU
	EndGlobalSection
	GlobalSection(SolutionProperties) = preSolution
		HideSolutionNode = FALSE
	EndGlobalSection
	GlobalSection(NestedProjects) = preSolution
		{7A1A72B7-692A-406E-BAF9-6D1C389C845E} = {AED16801-9F62-489B-A9DB-4BB45DFE0595}
		{070F049A-92A2-4EBF-B08C-F882185AEEA6} = {73E8397C-41C2-468A-BD4A-A9D8988B9AC6}
		{AED16801-9F62-489B-A9DB-4BB45DFE0595} = {73E8397C-41C2-468A-BD4A-A9D8988B9AC6}
		{3112034A-50B3-4A2B-A174-02586199D9E6} = {73E8397C-41C2-468A-BD4A-A9D8988B9AC6}
		{9E6F41F8-13A6-4200-8B54-126E6A000B27} = {73E8397C-41C2-468A-BD4A-A9D8988B9AC6}
		{1F46A2DD-E9D0-430C-9EB0-6534D3265A85} = {AED16801-9F62-489B-A9DB-4BB45DFE0595}
		{99C808D1-0027-4ACB-B5A6-F0D8B82067BA} = {3112034A-50B3-4A2B-A174-02586199D9E6}
		{D9BDC52D-DBC5-4B13-8908-6BB57593DD1E} = {AED16801-9F62-489B-A9DB-4BB45DFE0595}
	EndGlobalSection
	GlobalSection(ExtensibilityGlobals) = postSolution
		SolutionGuid = {3F9F476C-DDA7-41DC-9EBD-D6E306AAF112}
	EndGlobalSection
EndGlobal
