
Microsoft Visual Studio Solution File, Format Version 12.00
# Visual Studio Version 17
VisualStudioVersion = 17.0.31903.59
MinimumVisualStudioVersion = 10.0.40219.1
Project("{2150E333-8FDC-42A3-9474-1A3956D46DE8}") = "src", "src", "{73E8397C-41C2-468A-BD4A-A9D8988B9AC6}"
EndProject
Project("{2150E333-8FDC-42A3-9474-1A3956D46DE8}") = "test", "test", "{4C2C72C4-FEF1-4CD6-A9A9-04E8FBBD4C6C}"
EndProject
Project("{FAE04EC0-301F-11D3-BF4B-00C04F79EFBC}") = "Generator", "src\Generator\Generator.csproj", "{BBF2A976-0349-4C0B-8911-C7995CC4D82C}"
EndProject
Project("{FAE04EC0-301F-11D3-BF4B-00C04F79EFBC}") = "v3.5", "src\v\v3.5\v3.5.csproj", "{1F6AF1EF-D1A3-4C0F-8FB5-541DA77100E8}"
EndProject
Project("{FAE04EC0-301F-11D3-BF4B-00C04F79EFBC}") = "v5", "src\v\v5\v5.csproj", "{DF9BBEFA-8494-44C3-A2D4-F7DEB99910B6}"
EndProject
Project("{FAE04EC0-301F-11D3-BF4B-00C04F79EFBC}") = "Common", "src\v\Common\Common.csproj", "{4B0EF24F-77AB-4CD0-A1E1-2A0A94EEDF55}"
EndProject
Project("{2150E333-8FDC-42A3-9474-1A3956D46DE8}") = "v", "v", "{02EA681E-C7D8-13C7-8484-4AC65E1B71E8}"
EndProject
Global
	GlobalSection(SolutionConfigurationPlatforms) = preSolution
		Debug|Any CPU = Debug|Any CPU
		Release|Any CPU = Release|Any CPU
	EndGlobalSection
	GlobalSection(ProjectConfigurationPlatforms) = postSolution
		{BBF2A976-0349-4C0B-8911-C7995CC4D82C}.Debug|Any CPU.ActiveCfg = Debug|Any CPU
		{BBF2A976-0349-4C0B-8911-C7995CC4D82C}.Debug|Any CPU.Build.0 = Debug|Any CPU
		{BBF2A976-0349-4C0B-8911-C7995CC4D82C}.Release|Any CPU.ActiveCfg = Release|Any CPU
		{BBF2A976-0349-4C0B-8911-C7995CC4D82C}.Release|Any CPU.Build.0 = Release|Any CPU
		{1F6AF1EF-D1A3-4C0F-8FB5-541DA77100E8}.Debug|Any CPU.ActiveCfg = Debug|Any CPU
		{1F6AF1EF-D1A3-4C0F-8FB5-541DA77100E8}.Debug|Any CPU.Build.0 = Debug|Any CPU
		{1F6AF1EF-D1A3-4C0F-8FB5-541DA77100E8}.Release|Any CPU.ActiveCfg = Release|Any CPU
		{1F6AF1EF-D1A3-4C0F-8FB5-541DA77100E8}.Release|Any CPU.Build.0 = Release|Any CPU
		{DF9BBEFA-8494-44C3-A2D4-F7DEB99910B6}.Debug|Any CPU.ActiveCfg = Debug|Any CPU
		{DF9BBEFA-8494-44C3-A2D4-F7DEB99910B6}.Debug|Any CPU.Build.0 = Debug|Any CPU
		{DF9BBEFA-8494-44C3-A2D4-F7DEB99910B6}.Release|Any CPU.ActiveCfg = Release|Any CPU
		{DF9BBEFA-8494-44C3-A2D4-F7DEB99910B6}.Release|Any CPU.Build.0 = Release|Any CPU
		{4B0EF24F-77AB-4CD0-A1E1-2A0A94EEDF55}.Debug|Any CPU.ActiveCfg = Debug|Any CPU
		{4B0EF24F-77AB-4CD0-A1E1-2A0A94EEDF55}.Debug|Any CPU.Build.0 = Debug|Any CPU
		{4B0EF24F-77AB-4CD0-A1E1-2A0A94EEDF55}.Release|Any CPU.ActiveCfg = Release|Any CPU
		{4B0EF24F-77AB-4CD0-A1E1-2A0A94EEDF55}.Release|Any CPU.Build.0 = Release|Any CPU
	EndGlobalSection
	GlobalSection(SolutionProperties) = preSolution
		HideSolutionNode = FALSE
	EndGlobalSection
	GlobalSection(NestedProjects) = preSolution
		{BBF2A976-0349-4C0B-8911-C7995CC4D82C} = {73E8397C-41C2-468A-BD4A-A9D8988B9AC6}
		{1F6AF1EF-D1A3-4C0F-8FB5-541DA77100E8} = {02EA681E-C7D8-13C7-8484-4AC65E1B71E8}
		{DF9BBEFA-8494-44C3-A2D4-F7DEB99910B6} = {02EA681E-C7D8-13C7-8484-4AC65E1B71E8}
		{4B0EF24F-77AB-4CD0-A1E1-2A0A94EEDF55} = {02EA681E-C7D8-13C7-8484-4AC65E1B71E8}
		{02EA681E-C7D8-13C7-8484-4AC65E1B71E8} = {73E8397C-41C2-468A-BD4A-A9D8988B9AC6}
	EndGlobalSection
	GlobalSection(ExtensibilityGlobals) = postSolution
		SolutionGuid = {3F9F476C-DDA7-41DC-9EBD-D6E306AAF112}
	EndGlobalSection
EndGlobal
